{
  "name": "omni-cli",
  "version": "0.1.0",
  "lockfileVersion": 3,
  "requires": true,
  "packages": {
    "": {
      "name": "omni-cli",
      "version": "0.1.0",
      "hasInstallScript": true,
      "license": "MIT",
      "os": [
        "darwin",
        "linux",
        "win32"
      ],
      "bin": {
        "omni": "bin/omni"
      },
      "engines": {
        "node": ">=16.0.0"
      }
    }
  }
}
